
Microsoft Visual Studio Solution File, Format Version 12.00
# Visual Studio Version 16
VisualStudioVersion = 16.0.31205.134
MinimumVisualStudioVersion = 10.0.40219.1
Project("{FAE04EC0-301F-11D3-BF4B-00C04F79EFBC}") = "ServiceProject", "ServiceProject\ServiceProject.csproj", "{B92E2B27-0AA2-41F5-BFE5-804F1ACAEBB1}"
EndProject
Global
	GlobalSection(SolutionConfigurationPlatforms) = preSolution
		Debug|Any CPU = Debug|Any CPU
		Release|Any CPU = Release|Any CPU
	EndGlobalSection
	GlobalSection(ProjectConfigurationPlatforms) = postSolution
		{B92E2B27-0AA2-41F5-BFE5-804F1ACAEBB1}.Debug|Any CPU.ActiveCfg = Debug|Any CPU
		{B92E2B27-0AA2-41F5-BFE5-804F1ACAEBB1}.Debug|Any CPU.Build.0 = Debug|Any CPU
		{B92E2B27-0AA2-41F5-BFE5-804F1ACAEBB1}.Release|Any CPU.ActiveCfg = Release|Any CPU
		{B92E2B27-0AA2-41F5-BFE5-804F1ACAEBB1}.Release|Any CPU.Build.0 = Release|Any CPU
	EndGlobalSection
	GlobalSection(SolutionProperties) = preSolution
		HideSolutionNode = FALSE
	EndGlobalSection
	GlobalSection(ExtensibilityGlobals) = postSolution
		SolutionGuid = {A742BC70-2191-4E43-A953-CAFA1710FDE6}
	EndGlobalSection
EndGlobal
